hash: b837797e91f9ec9f116b31ff4b6046ff80c4b70feb767373f3c1b4ae503e60e5
updated: 2020-04-15T17:29:17.087583+08:00
imports:
- name: github.com/golang/protobuf
  version: 1b794fe86dd6a0c7c52ae69b5c9cb0aeedc52afa
  subpackages:
  - proto
  - ptypes
  - ptypes/any
  - ptypes/duration
  - ptypes/timestamp
- name: github.com/yanming-zhang/grpc-examples
  version: 9fabb0ef6510616a59ab6102989b828ed9dbf4d3
  subpackages:
  - protos
- name: golang.org/x/net
  version: d3edc9973b7eb1fb302b0ff2c62357091cea9a30
  subpackages:
  - http/httpguts
  - http2
  - http2/hpack
  - idna
  - internal/timeseries
  - trace
- name: golang.org/x/sys
  version: c1f44814a5cd81a6d1cb589ef1e528bc5d305e07
  subpackages:
  - unix
- name: golang.org/x/text
  version: 06d492aade888ab8698aad35476286b7b555c961
  subpackages:
  - secure/bidirule
  - transform
  - unicode/bidi
  - unicode/norm
- name: google.golang.org/genproto
  version: b5235f65be3618aac92278c41932e3f9007a653a
  subpackages:
  - googleapis/rpc/status
- name: google.golang.org/grpc
  version: f5b0812e6fe574d90da76b205e9eb51f6ddb1919
  subpackages:
  - attributes
  - backoff
  - balancer
  - balancer/base
  - balancer/roundrobin
  - binarylog/grpc_binarylog_v1
  - codes
  - connectivity
  - credentials
  - credentials/internal
  - encoding
  - encoding/proto
  - grpclog
  - internal
  - internal/backoff
  - internal/balancerload
  - internal/binarylog
  - internal/buffer
  - internal/channelz
  - internal/envconfig
  - internal/grpcrand
  - internal/grpcsync
  - internal/resolver/dns
  - internal/resolver/passthrough
  - internal/syscall
  - internal/transport
  - keepalive
  - metadata
  - naming
  - peer
  - resolver
  - serviceconfig
  - stats
  - status
  - tap
- name: google.golang.org/protobuf
  version: d8bc21f7e13fa476be55b17983bd5d43ad8c7121
  subpackages:
  - encoding/prototext
  - encoding/protowire
  - internal/descfmt
  - internal/descopts
  - internal/detrand
  - internal/encoding/defval
  - internal/encoding/messageset
  - internal/encoding/tag
  - internal/encoding/text
  - internal/errors
  - internal/fieldnum
  - internal/fieldsort
  - internal/filedesc
  - internal/filetype
  - internal/flags
  - internal/genname
  - internal/impl
  - internal/mapsort
  - internal/pragma
  - internal/set
  - internal/strs
  - internal/version
  - proto
  - reflect/protoreflect
  - reflect/protoregistry
  - runtime/protoiface
  - runtime/protoimpl
  - types/known/anypb
  - types/known/durationpb
  - types/known/timestamppb
testImports: []
